Microsoft Visual Studio Solution File, Format Version 12.00
# Visual Studio 15
VisualStudioVersion = 15.0.27428.2027
MinimumVisualStudioVersion = 10.0.40219.1
Project("{9A19103F-16F7-4668-BE54-9A1E7A4F7556}") = "BRCurtidas.Data", "BRCurtidas.Data\BRCurtidas.Data.csproj", "{B08BD6F5-8196-4A98-884F-E23B1B035D04}"
EndProject
Project("{9A19103F-16F7-4668-BE54-9A1E7A4F7556}") = "BRCurtidas.Common", "BRCurtidas.Common\BRCurtidas.Common.csproj", "{20F44540-BBA1-4EFC-887A-6E29A343C38F}"
EndProject
Project("{9A19103F-16F7-4668-BE54-9A1E7A4F7556}") = "BRCurtidas.Web.Api", "BRCurtidas.Web.Api\BRCurtidas.Web.Api.csproj", "{C6C1DE10-03A8-4BA8-81E2-143FEF1B2A44}"
EndProject
Project("{9A19103F-16F7-4668-BE54-9A1E7A4F7556}") = "BRCurtidas.PagSeguro", "BRCurtidas.PagSeguroClient\BRCurtidas.PagSeguro.csproj", "{9A3FABC1-978C-4C9D-A75E-1125DCE76190}"
EndProject
Project("{9A19103F-16F7-4668-BE54-9A1E7A4F7556}") = "BRCurtidas.PagSeguro.Tests", "BRCurtidas.PagSeguro.Tests\BRCurtidas.PagSeguro.Tests.csproj", "{FAB13272-D572-436A-92F2-970FC4D92053}"
EndProject
Project("{FAE04EC0-301F-11D3-BF4B-00C04F79EFBC}") = "BRCurtidas.Web.UI", "BRCurtidas.Web.UI\BRCurtidas.Web.UI.csproj", "{AA693D0C-AC6C-49B4-9B15-58D74920384C}"
EndProject
Project("{9A19103F-16F7-4668-BE54-9A1E7A4F7556}") = "BRCurtidas.Web.Api.Tests", "BRCurtidas.Web.Api.Tests\BRCurtidas.Web.Api.Tests.csproj", "{D9E50351-B8C7-4A66-BDB5-4D306ED2F3E4}"
EndProject
Global
	GlobalSection(SolutionConfigurationPlatforms) = preSolution
		Debug|Any CPU = Debug|Any CPU
		Release|Any CPU = Release|Any CPU
	EndGlobalSection
	GlobalSection(ProjectConfigurationPlatforms) = postSolution
		{B08BD6F5-8196-4A98-884F-E23B1B035D04}.Debug|Any CPU.ActiveCfg = Debug|Any CPU
		{B08BD6F5-8196-4A98-884F-E23B1B035D04}.Debug|Any CPU.Build.0 = Debug|Any CPU
		{B08BD6F5-8196-4A98-884F-E23B1B035D04}.Release|Any CPU.ActiveCfg = Release|Any CPU
		{B08BD6F5-8196-4A98-884F-E23B1B035D04}.Release|Any CPU.Build.0 = Release|Any CPU
		{20F44540-BBA1-4EFC-887A-6E29A343C38F}.Debug|Any CPU.ActiveCfg = Debug|Any CPU
		{20F44540-BBA1-4EFC-887A-6E29A343C38F}.Debug|Any CPU.Build.0 = Debug|Any CPU
		{20F44540-BBA1-4EFC-887A-6E29A343C38F}.Release|Any CPU.ActiveCfg = Release|Any CPU
		{20F44540-BBA1-4EFC-887A-6E29A343C38F}.Release|Any CPU.Build.0 = Release|Any CPU
		{C6C1DE10-03A8-4BA8-81E2-143FEF1B2A44}.Debug|Any CPU.ActiveCfg = Debug|Any CPU
		{C6C1DE10-03A8-4BA8-81E2-143FEF1B2A44}.Debug|Any CPU.Build.0 = Debug|Any CPU
		{C6C1DE10-03A8-4BA8-81E2-143FEF1B2A44}.Release|Any CPU.ActiveCfg = Release|Any CPU
		{C6C1DE10-03A8-4BA8-81E2-143FEF1B2A44}.Release|Any CPU.Build.0 = Release|Any CPU
		{9A3FABC1-978C-4C9D-A75E-1125DCE76190}.Debug|Any CPU.ActiveCfg = Debug|Any CPU
		{9A3FABC1-978C-4C9D-A75E-1125DCE76190}.Debug|Any CPU.Build.0 = Debug|Any CPU
		{9A3FABC1-978C-4C9D-A75E-1125DCE76190}.Release|Any CPU.ActiveCfg = Release|Any CPU
		{9A3FABC1-978C-4C9D-A75E-1125DCE76190}.Release|Any CPU.Build.0 = Release|Any CPU
		{FAB13272-D572-436A-92F2-970FC4D92053}.Debug|Any CPU.ActiveCfg = Debug|Any CPU
		{FAB13272-D572-436A-92F2-970FC4D92053}.Debug|Any CPU.Build.0 = Debug|Any CPU
		{FAB13272-D572-436A-92F2-970FC4D92053}.Release|Any CPU.ActiveCfg = Release|Any CPU
		{FAB13272-D572-436A-92F2-970FC4D92053}.Release|Any CPU.Build.0 = Release|Any CPU
		{AA693D0C-AC6C-49B4-9B15-58D74920384C}.Debug|Any CPU.ActiveCfg = Debug|Any CPU
		{AA693D0C-AC6C-49B4-9B15-58D74920384C}.Debug|Any CPU.Build.0 = Debug|Any CPU
		{AA693D0C-AC6C-49B4-9B15-58D74920384C}.Release|Any CPU.ActiveCfg = Release|Any CPU
		{AA693D0C-AC6C-49B4-9B15-58D74920384C}.Release|Any CPU.Build.0 = Release|Any CPU
		{D9E50351-B8C7-4A66-BDB5-4D306ED2F3E4}.Debug|Any CPU.ActiveCfg = Debug|Any CPU
		{D9E50351-B8C7-4A66-BDB5-4D306ED2F3E4}.Debug|Any CPU.Build.0 = Debug|Any CPU
		{D9E50351-B8C7-4A66-BDB5-4D306ED2F3E4}.Release|Any CPU.ActiveCfg = Release|Any CPU
		{D9E50351-B8C7-4A66-BDB5-4D306ED2F3E4}.Release|Any CPU.Build.0 = Release|Any CPU
	EndGlobalSection
	GlobalSection(SolutionProperties) = preSolution
		HideSolutionNode = FALSE
	EndGlobalSection
	GlobalSection(ExtensibilityGlobals) = postSolution
		SolutionGuid = {F02CF332-E6E7-42F2-9972-ABF204B4C9B7}
	EndGlobalSection
EndGlobal
